Microsoft Visual Studio Solution File, Format Version 12.00
# Visual Studio Version 17
VisualStudioVersion = 17.5.2.0
MinimumVisualStudioVersion = 10.0.40219.1
Project("{2150E333-8FDC-42A3-9474-1A3956D46DE8}") = "StretchViewCS", "StretchViewCS", "{9926AE61-1F36-5056-C849-ADD3C71F574E}"
EndProject
Project("{FAE04EC0-301F-11D3-BF4B-00C04F79EFBC}") = "StretchViewCS", "StretchViewCS\StretchViewCS\StretchViewCS.csproj", "{1D5824BA-D8E0-01BC-9A5C-4C02B5E77B44}"
EndProject
Global
	GlobalSection(SolutionConfigurationPlatforms) = preSolution
		Debug|Any CPU = Debug|Any CPU
		Release|Any CPU = Release|Any CPU
	EndGlobalSection
	GlobalSection(ProjectConfigurationPlatforms) = postSolution
		{1D5824BA-D8E0-01BC-9A5C-4C02B5E77B44}.Debug|Any CPU.ActiveCfg = Debug|Any CPU
		{1D5824BA-D8E0-01BC-9A5C-4C02B5E77B44}.Debug|Any CPU.Build.0 = Debug|Any CPU
		{1D5824BA-D8E0-01BC-9A5C-4C02B5E77B44}.Release|Any CPU.ActiveCfg = Release|Any CPU
		{1D5824BA-D8E0-01BC-9A5C-4C02B5E77B44}.Release|Any CPU.Build.0 = Release|Any CPU
	EndGlobalSection
	GlobalSection(SolutionProperties) = preSolution
		HideSolutionNode = FALSE
	EndGlobalSection
	GlobalSection(NestedProjects) = preSolution
		{1D5824BA-D8E0-01BC-9A5C-4C02B5E77B44} = {9926AE61-1F36-5056-C849-ADD3C71F574E}
	EndGlobalSection
	GlobalSection(ExtensibilityGlobals) = postSolution
		SolutionGuid = {D0BB11DE-36BD-49BD-8BA4-EF729E5B7725}
	EndGlobalSection
EndGlobal
