
Microsoft Visual Studio Solution File, Format Version 12.00
# Visual Studio Version 17
VisualStudioVersion = 17.0.31903.59
MinimumVisualStudioVersion = 10.0.40219.1
Project("{FAE04EC0-301F-11D3-BF4B-00C04F79EFBC}") = "StretchView.Core", "StretchView.Core\StretchView.Core.csproj", "{7106E272-373C-4569-9326-592A7604A03B}"
EndProject
Project("{FAE04EC0-301F-11D3-BF4B-00C04F79EFBC}") = "StretchView.App.Desktop", "StretchView.App.Desktop\StretchView.App.Desktop.csproj", "{BD64CD32-7DF8-4E99-88C0-18E935224865}"
EndProject
Global
	GlobalSection(SolutionConfigurationPlatforms) = preSolution
		Debug|Any CPU = Debug|Any CPU
		Debug|x64 = Debug|x64
		Debug|x86 = Debug|x86
		Release|Any CPU = Release|Any CPU
		Release|x64 = Release|x64
		Release|x86 = Release|x86
	EndGlobalSection
	GlobalSection(ProjectConfigurationPlatforms) = postSolution
		{7106E272-373C-4569-9326-592A7604A03B}.Debug|Any CPU.ActiveCfg = Debug|Any CPU
		{7106E272-373C-4569-9326-592A7604A03B}.Debug|Any CPU.Build.0 = Debug|Any CPU
		{7106E272-373C-4569-9326-592A7604A03B}.Debug|x64.ActiveCfg = Debug|Any CPU
		{7106E272-373C-4569-9326-592A7604A03B}.Debug|x64.Build.0 = Debug|Any CPU
		{7106E272-373C-4569-9326-592A7604A03B}.Debug|x86.ActiveCfg = Debug|Any CPU
		{7106E272-373C-4569-9326-592A7604A03B}.Debug|x86.Build.0 = Debug|Any CPU
		{7106E272-373C-4569-9326-592A7604A03B}.Release|Any CPU.ActiveCfg = Release|Any CPU
		{7106E272-373C-4569-9326-592A7604A03B}.Release|Any CPU.Build.0 = Release|Any CPU
		{7106E272-373C-4569-9326-592A7604A03B}.Release|x64.ActiveCfg = Release|Any CPU
		{7106E272-373C-4569-9326-592A7604A03B}.Release|x64.Build.0 = Release|Any CPU
		{7106E272-373C-4569-9326-592A7604A03B}.Release|x86.ActiveCfg = Release|Any CPU
		{7106E272-373C-4569-9326-592A7604A03B}.Release|x86.Build.0 = Release|Any CPU
		{BD64CD32-7DF8-4E99-88C0-18E935224865}.Debug|Any CPU.ActiveCfg = Debug|Any CPU
		{BD64CD32-7DF8-4E99-88C0-18E935224865}.Debug|Any CPU.Build.0 = Debug|Any CPU
		{BD64CD32-7DF8-4E99-88C0-18E935224865}.Debug|x64.ActiveCfg = Debug|Any CPU
		{BD64CD32-7DF8-4E99-88C0-18E935224865}.Debug|x64.Build.0 = Debug|Any CPU
		{BD64CD32-7DF8-4E99-88C0-18E935224865}.Debug|x86.ActiveCfg = Debug|Any CPU
		{BD64CD32-7DF8-4E99-88C0-18E935224865}.Debug|x86.Build.0 = Debug|Any CPU
		{BD64CD32-7DF8-4E99-88C0-18E935224865}.Release|Any CPU.ActiveCfg = Release|Any CPU
		{BD64CD32-7DF8-4E99-88C0-18E935224865}.Release|Any CPU.Build.0 = Release|Any CPU
		{BD64CD32-7DF8-4E99-88C0-18E935224865}.Release|x64.ActiveCfg = Release|Any CPU
		{BD64CD32-7DF8-4E99-88C0-18E935224865}.Release|x64.Build.0 = Release|Any CPU
		{BD64CD32-7DF8-4E99-88C0-18E935224865}.Release|x86.ActiveCfg = Release|Any CPU
		{BD64CD32-7DF8-4E99-88C0-18E935224865}.Release|x86.Build.0 = Release|Any CPU
	EndGlobalSection
	GlobalSection(SolutionProperties) = preSolution
		HideSolutionNode = FALSE
	EndGlobalSection
EndGlobal
